
Microsoft Visual Studio Solution File, Format Version 12.00
# Visual Studio Version 17
VisualStudioVersion = 17.5.33516.290
MinimumVisualStudioVersion = 10.0.40219.1
Project("{FAE04EC0-301F-11D3-BF4B-00C04F79EFBC}") = "SorvilApp", "SorvilApp\SorvilApp.csproj", "{C350F594-4F2F-473E-9933-656856DC39EB}"
EndProject
Global
	GlobalSection(SolutionConfigurationPlatforms) = preSolution
		Debug|Any CPU = Debug|Any CPU
		Release|Any CPU = Release|Any CPU
	EndGlobalSection
	GlobalSection(ProjectConfigurationPlatforms) = postSolution
		{C350F594-4F2F-473E-9933-656856DC39EB}.Debug|Any CPU.ActiveCfg = Debug|Any CPU
		{C350F594-4F2F-473E-9933-656856DC39EB}.Debug|Any CPU.Build.0 = Debug|Any CPU
		{C350F594-4F2F-473E-9933-656856DC39EB}.Release|Any CPU.ActiveCfg = Release|Any CPU
		{C350F594-4F2F-473E-9933-656856DC39EB}.Release|Any CPU.Build.0 = Release|Any CPU
	EndGlobalSection
	GlobalSection(SolutionProperties) = preSolution
		HideSolutionNode = FALSE
	EndGlobalSection
	GlobalSection(ExtensibilityGlobals) = postSolution
		SolutionGuid = {6F9AD971-4E53-4BB4-A980-3B18569E2FA5}
	EndGlobalSection
EndGlobal
